
Microsoft Visual Studio Solution File, Format Version 12.00
# Visual Studio Version 16
VisualStudioVersion = 16.0.33529.622
MinimumVisualStudioVersion = 10.0.40219.1
Project("{FAE04EC0-301F-11D3-BF4B-00C04F79EFBC}") = "Pacman Game2", "Pacman Game2.csproj", "{D38CC767-838B-4693-A0F8-9991FB5E14E7}"
EndProject
Global
	GlobalSection(SolutionConfigurationPlatforms) = preSolution
		Debug|Any CPU = Debug|Any CPU
		Release|Any CPU = Release|Any CPU
	EndGlobalSection
	GlobalSection(ProjectConfigurationPlatforms) = postSolution
		{D38CC767-838B-4693-A0F8-9991FB5E14E7}.Debug|Any CPU.ActiveCfg = Debug|Any CPU
		{D38CC767-838B-4693-A0F8-9991FB5E14E7}.Debug|Any CPU.Build.0 = Debug|Any CPU
		{D38CC767-838B-4693-A0F8-9991FB5E14E7}.Release|Any CPU.ActiveCfg = Release|Any CPU
		{D38CC767-838B-4693-A0F8-9991FB5E14E7}.Release|Any CPU.Build.0 = Release|Any CPU
	EndGlobalSection
	GlobalSection(SolutionProperties) = preSolution
		HideSolutionNode = FALSE
	EndGlobalSection
	GlobalSection(ExtensibilityGlobals) = postSolution
		SolutionGuid = {A6091500-A23D-4B87-83B6-DAC4F598273E}
	EndGlobalSection
EndGlobal
