
Microsoft Visual Studio Solution File, Format Version 12.00
# Visual Studio Version 16
VisualStudioVersion = 16.0.33529.622
MinimumVisualStudioVersion = 10.0.40219.1
Project("{FAE04EC0-301F-11D3-BF4B-00C04F79EFBC}") = "FirstDesktopApp", "FirstDesktopApp.csproj", "{A9FD37D4-AF8F-4E1F-8787-4838EFB1C3FA}"
EndProject
Global
	GlobalSection(SolutionConfigurationPlatforms) = preSolution
		Debug|Any CPU = Debug|Any CPU
		Release|Any CPU = Release|Any CPU
	EndGlobalSection
	GlobalSection(ProjectConfigurationPlatforms) = postSolution
		{A9FD37D4-AF8F-4E1F-8787-4838EFB1C3FA}.Debug|Any CPU.ActiveCfg = Debug|Any CPU
		{A9FD37D4-AF8F-4E1F-8787-4838EFB1C3FA}.Debug|Any CPU.Build.0 = Debug|Any CPU
		{A9FD37D4-AF8F-4E1F-8787-4838EFB1C3FA}.Release|Any CPU.ActiveCfg = Release|Any CPU
		{A9FD37D4-AF8F-4E1F-8787-4838EFB1C3FA}.Release|Any CPU.Build.0 = Release|Any CPU
	EndGlobalSection
	GlobalSection(SolutionProperties) = preSolution
		HideSolutionNode = FALSE
	EndGlobalSection
	GlobalSection(ExtensibilityGlobals) = postSolution
		SolutionGuid = {0BF35E61-A72C-4AD7-92CB-41E41011BFE0}
	EndGlobalSection
EndGlobal
