
Microsoft Visual Studio Solution File, Format Version 12.00
# Visual Studio Version 16
VisualStudioVersion = 16.0.33529.622
MinimumVisualStudioVersion = 10.0.40219.1
Project("{FAE04EC0-301F-11D3-BF4B-00C04F79EFBC}") = "Inheritance Project 2", "Inheritance Project 2.csproj", "{4AC2EF48-E508-447E-A9DE-CC48EB935EB9}"
EndProject
Global
	GlobalSection(SolutionConfigurationPlatforms) = preSolution
		Debug|Any CPU = Debug|Any CPU
		Release|Any CPU = Release|Any CPU
	EndGlobalSection
	GlobalSection(ProjectConfigurationPlatforms) = postSolution
		{4AC2EF48-E508-447E-A9DE-CC48EB935EB9}.Debug|Any CPU.ActiveCfg = Debug|Any CPU
		{4AC2EF48-E508-447E-A9DE-CC48EB935EB9}.Debug|Any CPU.Build.0 = Debug|Any CPU
		{4AC2EF48-E508-447E-A9DE-CC48EB935EB9}.Release|Any CPU.ActiveCfg = Release|Any CPU
		{4AC2EF48-E508-447E-A9DE-CC48EB935EB9}.Release|Any CPU.Build.0 = Release|Any CPU
	EndGlobalSection
	GlobalSection(SolutionProperties) = preSolution
		HideSolutionNode = FALSE
	EndGlobalSection
	GlobalSection(ExtensibilityGlobals) = postSolution
		SolutionGuid = {0539E800-4421-4FA5-9CE9-FFAC8D33D970}
	EndGlobalSection
EndGlobal
