
Microsoft Visual Studio Solution File, Format Version 12.00
# Visual Studio Version 16
VisualStudioVersion = 16.0.33529.622
MinimumVisualStudioVersion = 10.0.40219.1
Project("{FAE04EC0-301F-11D3-BF4B-00C04F79EFBC}") = "Pacman Game", "Pacman Game.csproj", "{9110FA1D-50E2-4270-888B-D98F0F43485C}"
EndProject
Global
	GlobalSection(SolutionConfigurationPlatforms) = preSolution
		Debug|Any CPU = Debug|Any CPU
		Release|Any CPU = Release|Any CPU
	EndGlobalSection
	GlobalSection(ProjectConfigurationPlatforms) = postSolution
		{9110FA1D-50E2-4270-888B-D98F0F43485C}.Debug|Any CPU.ActiveCfg = Debug|Any CPU
		{9110FA1D-50E2-4270-888B-D98F0F43485C}.Debug|Any CPU.Build.0 = Debug|Any CPU
		{9110FA1D-50E2-4270-888B-D98F0F43485C}.Release|Any CPU.ActiveCfg = Release|Any CPU
		{9110FA1D-50E2-4270-888B-D98F0F43485C}.Release|Any CPU.Build.0 = Release|Any CPU
	EndGlobalSection
	GlobalSection(SolutionProperties) = preSolution
		HideSolutionNode = FALSE
	EndGlobalSection
	GlobalSection(ExtensibilityGlobals) = postSolution
		SolutionGuid = {9ED8E822-3795-4808-A463-21B1CA1C5A48}
	EndGlobalSection
EndGlobal
